
Microsoft Visual Studio Solution File, Format Version 12.00
# Visual Studio Version 16
VisualStudioVersion = 16.0.30517.126
MinimumVisualStudioVersion = 10.0.40219.1
Project("{FAE04EC0-301F-11D3-BF4B-00C04F79EFBC}") = "CatsAndDogsDB", "CatsAndDogsDB.\CatsAndDogsDB.csproj", "{F372F361-B5DC-4F1A-AB64-23A14653F73A}"
EndProject
Global
	GlobalSection(SolutionConfigurationPlatforms) = preSolution
		Debug|Any CPU = Debug|Any CPU
		Release|Any CPU = Release|Any CPU
	EndGlobalSection
	GlobalSection(ProjectConfigurationPlatforms) = postSolution
		{F372F361-B5DC-4F1A-AB64-23A14653F73A}.Debug|Any CPU.ActiveCfg = Debug|Any CPU
		{F372F361-B5DC-4F1A-AB64-23A14653F73A}.Debug|Any CPU.Build.0 = Debug|Any CPU
		{F372F361-B5DC-4F1A-AB64-23A14653F73A}.Release|Any CPU.ActiveCfg = Release|Any CPU
		{F372F361-B5DC-4F1A-AB64-23A14653F73A}.Release|Any CPU.Build.0 = Release|Any CPU
	EndGlobalSection
	GlobalSection(SolutionProperties) = preSolution
		HideSolutionNode = FALSE
	EndGlobalSection
	GlobalSection(ExtensibilityGlobals) = postSolution
		SolutionGuid = {B02DBF01-5709-49C0-920D-49C32EDAEFE9}
	EndGlobalSection
EndGlobal
